// !$*UTF8*$!
{
	archiveVersion = 1;
	classes = {
	};
	objectVersion = 50;
	objects = {

/* Begin PBXBuildFile section */
		7A33F66A21864FEF00CDFA96 /* AppDelegate.swift in Sources */ = {isa = PBXBuildFile; fileRef = 7A33F66921864FEF00CDFA96 /* AppDelegate.swift */; };
		7A33F66C21864FEF00CDFA96 /* GameScene.sks in Resources */ = {isa = PBXBuildFile; fileRef = 7A33F66B21864FEF00CDFA96 /* GameScene.sks */; };
		7A33F66E21864FEF00CDFA96 /* Actions.sks in Resources */ = {isa = PBXBuildFile; fileRef = 7A33F66D21864FEF00CDFA96 /* Actions.sks */; };
		7A33F67021864FEF00CDFA96 /* GameScene.swift in Sources */ = {isa = PBXBuildFile; fileRef = 7A33F66F21864FEF00CDFA96 /* GameScene.swift */; };
		7A33F67221864FEF00CDFA96 /* GameViewController.swift in Sources */ = {isa = PBXBuildFile; fileRef = 7A33F67121864FEF00CDFA96 /* GameViewController.swift */; };
		7A33F67521864FEF00CDFA96 /* Main.storyboard in Resources */ = {isa = PBXBuildFile; fileRef = 7A33F67321864FEF00CDFA96 /* Main.storyboard */; };
		7A33F67A21864FF100CDFA96 /* LaunchScreen.storyboard in Resources */ = {isa = PBXBuildFile; fileRef = 7A33F67821864FF100CDFA96 /* LaunchScreen.storyboard */; };
		7A33F6822186509B00CDFA96 /* Camera.swift in Sources */ = {isa = PBXBuildFile; fileRef = 7A33F6812186509B00CDFA96 /* Camera.swift */; };
		7A33F68621865D5700CDFA96 /* MainMenuScene.swift in Sources */ = {isa = PBXBuildFile; fileRef = 7A33F68521865D5700CDFA96 /* MainMenuScene.swift */; };
		7A33F68821865D8500CDFA96 /* MainMenuScene.sks in Resources */ = {isa = PBXBuildFile; fileRef = 7A33F68721865D8500CDFA96 /* MainMenuScene.sks */; };
		7A33F68A21865DD700CDFA96 /* InfiniteScroller.swift in Sources */ = {isa = PBXBuildFile; fileRef = 7A33F68921865DD700CDFA96 /* InfiniteScroller.swift */; };
		7A33F68C21865ED900CDFA96 /* BGSprite.swift in Sources */ = {isa = PBXBuildFile; fileRef = 7A33F68B21865ED900CDFA96 /* BGSprite.swift */; };
		F4339AB3218D13880016970A /* RRInputManager.swift in Sources */ = {isa = PBXBuildFile; fileRef = F4339AB2218D13880016970A /* RRInputManager.swift */; };
		F4339AB5218D14200016970A /* RREventManager.swift in Sources */ = {isa = PBXBuildFile; fileRef = F4339AB4218D14200016970A /* RREventManager.swift */; };
		F4339AB8218D14D00016970A /* RREvent.swift in Sources */ = {isa = PBXBuildFile; fileRef = F4339AB7218D14D00016970A /* RREvent.swift */; };
		F4339ABA218D15E00016970A /* RREventListener.swift in Sources */ = {isa = PBXBuildFile; fileRef = F4339AB9218D15E00016970A /* RREventListener.swift */; };
		F4339ABC218D16090016970A /* RRGameManager.swift in Sources */ = {isa = PBXBuildFile; fileRef = F4339ABB218D16090016970A /* RRGameManager.swift */; };
		F4339ABE218D21830016970A /* Character.swift in Sources */ = {isa = PBXBuildFile; fileRef = F4339ABD218D21830016970A /* Character.swift */; };
		F4339AC1218DA2DF0016970A /* CharacterTypes.swift in Sources */ = {isa = PBXBuildFile; fileRef = F4339AC0218DA2DF0016970A /* CharacterTypes.swift */; };
		F4531B3B21AB941B0003FFBF /* Boss.swift in Sources */ = {isa = PBXBuildFile; fileRef = F4531B3A21AB941B0003FFBF /* Boss.swift */; };
		F4544073218FAED2005719E4 /* Assets.xcassets in Resources */ = {isa = PBXBuildFile; fileRef = F4544072218FAED2005719E4 /* Assets.xcassets */; };
		F46109C121A253A0004CFB18 /* RRScoreManager.swift in Sources */ = {isa = PBXBuildFile; fileRef = F46109C021A253A0004CFB18 /* RRScoreManager.swift */; };
		F471919921B1E05F00B09143 /* PowerUp.swift in Sources */ = {isa = PBXBuildFile; fileRef = F471919821B1E05F00B09143 /* PowerUp.swift */; };
		F471919B21B1E0C500B09143 /* MultiStrike.swift in Sources */ = {isa = PBXBuildFile; fileRef = F471919A21B1E0C500B09143 /* MultiStrike.swift */; };
		F471919E21B1E1DC00B09143 /* Weapon.swift in Sources */ = {isa = PBXBuildFile; fileRef = F471919D21B1E1DC00B09143 /* Weapon.swift */; };
		F47191A021B1E59B00B09143 /* PowerUpTypes.swift in Sources */ = {isa = PBXBuildFile; fileRef = F471919F21B1E59B00B09143 /* PowerUpTypes.swift */; };
		F47191A221B1EA6F00B09143 /* Player.swift in Sources */ = {isa = PBXBuildFile; fileRef = F47191A121B1EA6F00B09143 /* Player.swift */; };
		F4ABA28C218F7A550085E43C /* BaseScene.swift in Sources */ = {isa = PBXBuildFile; fileRef = F4ABA28B218F7A550085E43C /* BaseScene.swift */; };
		F4ABA28E218F8EC80085E43C /* LoseScene.swift in Sources */ = {isa = PBXBuildFile; fileRef = F4ABA28D218F8EC80085E43C /* LoseScene.swift */; };
		F4ABA290218F8EE30085E43C /* LoseScene.sks in Resources */ = {isa = PBXBuildFile; fileRef = F4ABA28F218F8EE30085E43C /* LoseScene.sks */; };
		F4C12FA6218F0A430024BC7D /* Spawner.swift in Sources */ = {isa = PBXBuildFile; fileRef = F4C12FA5218F0A430024BC7D /* Spawner.swift */; };
		F4C12FA8218F141F0024BC7D /* RRGarbageCollector.swift in Sources */ = {isa = PBXBuildFile; fileRef = F4C12FA7218F141F0024BC7D /* RRGarbageCollector.swift */; };
		F4C12FAA218F25570024BC7D /* CategoryBitMask.swift in Sources */ = {isa = PBXBuildFile; fileRef = F4C12FA9218F25570024BC7D /* CategoryBitMask.swift */; };
		F4C12FAC218F38470024BC7D /* Obstacle.swift in Sources */ = {isa = PBXBuildFile; fileRef = F4C12FAB218F38470024BC7D /* Obstacle.swift */; };
		F4DE7DB821A971FC00F0761B /* slkscr.ttf in Resources */ = {isa = PBXBuildFile; fileRef = F4DE7DB321A96F8800F0761B /* slkscr.ttf */; };
		F4DE7DB921A971FF00F0761B /* slkscrb.ttf in Resources */ = {isa = PBXBuildFile; fileRef = F4DE7DB421A96F8800F0761B /* slkscrb.ttf */; };
		F4E608D921A52F7B00A5E7D5 /* MenuUI.swift in Sources */ = {isa = PBXBuildFile; fileRef = F4E608D821A52F7B00A5E7D5 /* MenuUI.swift */; };
/* End PBXBuildFile section */

/* Begin PBXFileReference section */
		7A33F66621864FEF00CDFA96 /* RelicRunners.app */ = {isa = PBXFileReference; explicitFileType = wrapper.application; includeInIndex = 0; path = RelicRunners.app; sourceTree = BUILT_PRODUCTS_DIR; };
		7A33F66921864FEF00CDFA96 /* AppDelegate.swift */ = {isa = PBXFileReference; lastKnownFileType = sourcecode.swift; path = AppDelegate.swift; sourceTree = "<group>"; };
		7A33F66B21864FEF00CDFA96 /* GameScene.sks */ = {isa = PBXFileReference; lastKnownFileType = file.sks; path = GameScene.sks; sourceTree = "<group>"; };
		7A33F66D21864FEF00CDFA96 /* Actions.sks */ = {isa = PBXFileReference; lastKnownFileType = file.sks; path = Actions.sks; sourceTree = "<group>"; };
		7A33F66F21864FEF00CDFA96 /* GameScene.swift */ = {isa = PBXFileReference; lastKnownFileType = sourcecode.swift; path = GameScene.swift; sourceTree = "<group>"; };
		7A33F67121864FEF00CDFA96 /* GameViewController.swift */ = {isa = PBXFileReference; lastKnownFileType = sourcecode.swift; path = GameViewController.swift; sourceTree = "<group>"; };
		7A33F67421864FEF00CDFA96 /* Base */ = {isa = PBXFileReference; lastKnownFileType = file.storyboard; name = Base; path = Base.lproj/Main.storyboard; sourceTree = "<group>"; };
		7A33F67921864FF100CDFA96 /* Base */ = {isa = PBXFileReference; lastKnownFileType = file.storyboard; name = Base; path = Base.lproj/LaunchScreen.storyboard; sourceTree = "<group>"; };
		7A33F67B21864FF100CDFA96 /* Info.plist */ = {isa = PBXFileReference; lastKnownFileType = text.plist.xml; path = Info.plist; sourceTree = "<group>"; };
		7A33F6812186509B00CDFA96 /* Camera.swift */ = {isa = PBXFileReference; lastKnownFileType = sourcecode.swift; path = Camera.swift; sourceTree = "<group>"; };
		7A33F68521865D5700CDFA96 /* MainMenuScene.swift */ = {isa = PBXFileReference; lastKnownFileType = sourcecode.swift; path = MainMenuScene.swift; sourceTree = "<group>"; };
		7A33F68721865D8500CDFA96 /* MainMenuScene.sks */ = {isa = PBXFileReference; lastKnownFileType = file.sks; path = MainMenuScene.sks; sourceTree = "<group>"; };
		7A33F68921865DD700CDFA96 /* InfiniteScroller.swift */ = {isa = PBXFileReference; lastKnownFileType = sourcecode.swift; path = InfiniteScroller.swift; sourceTree = "<group>"; };
		7A33F68B21865ED900CDFA96 /* BGSprite.swift */ = {isa = PBXFileReference; lastKnownFileType = sourcecode.swift; path = BGSprite.swift; sourceTree = "<group>"; };
		F4339AB2218D13880016970A /* RRInputManager.swift */ = {isa = PBXFileReference; lastKnownFileType = sourcecode.swift; path = RRInputManager.swift; sourceTree = "<group>"; };
		F4339AB4218D14200016970A /* RREventManager.swift */ = {isa = PBXFileReference; lastKnownFileType = sourcecode.swift; path = RREventManager.swift; sourceTree = "<group>"; };
		F4339AB7218D14D00016970A /* RREvent.swift */ = {isa = PBXFileReference; lastKnownFileType = sourcecode.swift; path = RREvent.swift; sourceTree = "<group>"; };
		F4339AB9218D15E00016970A /* RREventListener.swift */ = {isa = PBXFileReference; lastKnownFileType = sourcecode.swift; path = RREventListener.swift; sourceTree = "<group>"; };
		F4339ABB218D16090016970A /* RRGameManager.swift */ = {isa = PBXFileReference; lastKnownFileType = sourcecode.swift; path = RRGameManager.swift; sourceTree = "<group>"; };
		F4339ABD218D21830016970A /* Character.swift */ = {isa = PBXFileReference; lastKnownFileType = sourcecode.swift; path = Character.swift; sourceTree = "<group>"; };
		F4339AC0218DA2DF0016970A /* CharacterTypes.swift */ = {isa = PBXFileReference; lastKnownFileType = sourcecode.swift; path = CharacterTypes.swift; sourceTree = "<group>"; };
		F4531B3A21AB941B0003FFBF /* Boss.swift */ = {isa = PBXFileReference; lastKnownFileType = sourcecode.swift; path = Boss.swift; sourceTree = "<group>"; };
		F4544072218FAED2005719E4 /* Assets.xcassets */ = {isa = PBXFileReference; lastKnownFileType = folder.assetcatalog; name = Assets.xcassets; path = RelicRunners/Assets.xcassets; sourceTree = SOURCE_ROOT; };
		F46109C021A253A0004CFB18 /* RRScoreManager.swift */ = {isa = PBXFileReference; lastKnownFileType = sourcecode.swift; path = RRScoreManager.swift; sourceTree = "<group>"; };
		F471919821B1E05F00B09143 /* PowerUp.swift */ = {isa = PBXFileReference; lastKnownFileType = sourcecode.swift; path = PowerUp.swift; sourceTree = "<group>"; };
		F471919A21B1E0C500B09143 /* MultiStrike.swift */ = {isa = PBXFileReference; lastKnownFileType = sourcecode.swift; path = MultiStrike.swift; sourceTree = "<group>"; };
		F471919D21B1E1DC00B09143 /* Weapon.swift */ = {isa = PBXFileReference; lastKnownFileType = sourcecode.swift; path = Weapon.swift; sourceTree = "<group>"; };
		F471919F21B1E59B00B09143 /* PowerUpTypes.swift */ = {isa = PBXFileReference; lastKnownFileType = sourcecode.swift; path = PowerUpTypes.swift; sourceTree = "<group>"; };
		F47191A121B1EA6F00B09143 /* Player.swift */ = {isa = PBXFileReference; lastKnownFileType = sourcecode.swift; path = Player.swift; sourceTree = "<group>"; };
		F4ABA28B218F7A550085E43C /* BaseScene.swift */ = {isa = PBXFileReference; lastKnownFileType = sourcecode.swift; path = BaseScene.swift; sourceTree = "<group>"; };
		F4ABA28D218F8EC80085E43C /* LoseScene.swift */ = {isa = PBXFileReference; lastKnownFileType = sourcecode.swift; path = LoseScene.swift; sourceTree = "<group>"; };
		F4ABA28F218F8EE30085E43C /* LoseScene.sks */ = {isa = PBXFileReference; lastKnownFileType = file.sks; path = LoseScene.sks; sourceTree = "<group>"; };
		F4C12FA5218F0A430024BC7D /* Spawner.swift */ = {isa = PBXFileReference; lastKnownFileType = sourcecode.swift; path = Spawner.swift; sourceTree = "<group>"; };
		F4C12FA7218F141F0024BC7D /* RRGarbageCollector.swift */ = {isa = PBXFileReference; lastKnownFileType = sourcecode.swift; path = RRGarbageCollector.swift; sourceTree = "<group>"; };
		F4C12FA9218F25570024BC7D /* CategoryBitMask.swift */ = {isa = PBXFileReference; lastKnownFileType = sourcecode.swift; path = CategoryBitMask.swift; sourceTree = "<group>"; };
		F4C12FAB218F38470024BC7D /* Obstacle.swift */ = {isa = PBXFileReference; lastKnownFileType = sourcecode.swift; path = Obstacle.swift; sourceTree = "<group>"; };
		F4DE7DB321A96F8800F0761B /* slkscr.ttf */ = {isa = PBXFileReference; lastKnownFileType = file; path = slkscr.ttf; sourceTree = "<group>"; };
		F4DE7DB421A96F8800F0761B /* slkscrb.ttf */ = {isa = PBXFileReference; lastKnownFileType = file; path = slkscrb.ttf; sourceTree = "<group>"; };
		F4E608D821A52F7B00A5E7D5 /* MenuUI.swift */ = {isa = PBXFileReference; lastKnownFileType = sourcecode.swift; path = MenuUI.swift; sourceTree = "<group>"; };
/* End PBXFileReference section */

/* Begin PBXFrameworksBuildPhase section */
		7A33F66321864FEF00CDFA96 /* Frameworks */ = {
			isa = PBXFrameworksBuildPhase;
			buildActionMask = 2147483647;
			files = (
			);
			runOnlyForDeploymentPostprocessing = 0;
		};
/* End PBXFrameworksBuildPhase section */

/* Begin PBXGroup section */
		7A33F65D21864FEF00CDFA96 = {
			isa = PBXGroup;
			children = (
				7A33F66821864FEF00CDFA96 /* RelicRunners */,
				7A33F66721864FEF00CDFA96 /* Products */,
			);
			sourceTree = "<group>";
		};
		7A33F66721864FEF00CDFA96 /* Products */ = {
			isa = PBXGroup;
			children = (
				7A33F66621864FEF00CDFA96 /* RelicRunners.app */,
			);
			name = Products;
			sourceTree = "<group>";
		};
		7A33F66821864FEF00CDFA96 /* RelicRunners */ = {
			isa = PBXGroup;
			children = (
				F4DE7DB321A96F8800F0761B /* slkscr.ttf */,
				F4DE7DB421A96F8800F0761B /* slkscrb.ttf */,
				F4339AB1218D13740016970A /* Managers */,
				7A33F68421865CF700CDFA96 /* Scenes */,
				7A33F683218650A000CDFA96 /* Components */,
				F4339ABF218DA2BD0016970A /* Enums */,
				F4339AB6218D14B90016970A /* Other */,
				F4544072218FAED2005719E4 /* Assets.xcassets */,
				7A33F66921864FEF00CDFA96 /* AppDelegate.swift */,
				7A33F66D21864FEF00CDFA96 /* Actions.sks */,
				7A33F67121864FEF00CDFA96 /* GameViewController.swift */,
				7A33F67321864FEF00CDFA96 /* Main.storyboard */,
				7A33F67821864FF100CDFA96 /* LaunchScreen.storyboard */,
				7A33F67B21864FF100CDFA96 /* Info.plist */,
			);
			path = RelicRunners;
			sourceTree = "<group>";
		};
		7A33F683218650A000CDFA96 /* Components */ = {
			isa = PBXGroup;
			children = (
				F471919C21B1E1CC00B09143 /* Weapons */,
				F471919721B1E04C00B09143 /* Power Ups */,
				F4531B3921AB94070003FFBF /* Bosses */,
				7A33F6812186509B00CDFA96 /* Camera.swift */,
				7A33F68921865DD700CDFA96 /* InfiniteScroller.swift */,
				7A33F68B21865ED900CDFA96 /* BGSprite.swift */,
				F4339ABD218D21830016970A /* Character.swift */,
				F4C12FA5218F0A430024BC7D /* Spawner.swift */,
				F4C12FAB218F38470024BC7D /* Obstacle.swift */,
				F4E608D821A52F7B00A5E7D5 /* MenuUI.swift */,
				F47191A121B1EA6F00B09143 /* Player.swift */,
			);
			path = Components;
			sourceTree = "<group>";
		};
		7A33F68421865CF700CDFA96 /* Scenes */ = {
			isa = PBXGroup;
			children = (
				F4ABA28B218F7A550085E43C /* BaseScene.swift */,
				7A33F66B21864FEF00CDFA96 /* GameScene.sks */,
				7A33F66F21864FEF00CDFA96 /* GameScene.swift */,
				7A33F68721865D8500CDFA96 /* MainMenuScene.sks */,
				7A33F68521865D5700CDFA96 /* MainMenuScene.swift */,
				F4ABA28F218F8EE30085E43C /* LoseScene.sks */,
				F4ABA28D218F8EC80085E43C /* LoseScene.swift */,
			);
			path = Scenes;
			sourceTree = "<group>";
		};
		F4339AB1218D13740016970A /* Managers */ = {
			isa = PBXGroup;
			children = (
				F4339AB2218D13880016970A /* RRInputManager.swift */,
				F4339AB4218D14200016970A /* RREventManager.swift */,
				F4339ABB218D16090016970A /* RRGameManager.swift */,
				F4C12FA7218F141F0024BC7D /* RRGarbageCollector.swift */,
				F46109C021A253A0004CFB18 /* RRScoreManager.swift */,
			);
			path = Managers;
			sourceTree = "<group>";
		};
		F4339AB6218D14B90016970A /* Other */ = {
			isa = PBXGroup;
			children = (
				F4339AB7218D14D00016970A /* RREvent.swift */,
				F4339AB9218D15E00016970A /* RREventListener.swift */,
			);
			path = Other;
			sourceTree = "<group>";
		};
		F4339ABF218DA2BD0016970A /* Enums */ = {
			isa = PBXGroup;
			children = (
				F4C12FA9218F25570024BC7D /* CategoryBitMask.swift */,
				F4339AC0218DA2DF0016970A /* CharacterTypes.swift */,
				F471919F21B1E59B00B09143 /* PowerUpTypes.swift */,
			);
			path = Enums;
			sourceTree = "<group>";
		};
		F4531B3921AB94070003FFBF /* Bosses */ = {
			isa = PBXGroup;
			children = (
				F4531B3A21AB941B0003FFBF /* Boss.swift */,
			);
			path = Bosses;
			sourceTree = "<group>";
		};
		F471919721B1E04C00B09143 /* Power Ups */ = {
			isa = PBXGroup;
			children = (
				F471919821B1E05F00B09143 /* PowerUp.swift */,
				F471919A21B1E0C500B09143 /* MultiStrike.swift */,
			);
			path = "Power Ups";
			sourceTree = "<group>";
		};
		F471919C21B1E1CC00B09143 /* Weapons */ = {
			isa = PBXGroup;
			children = (
				F471919D21B1E1DC00B09143 /* Weapon.swift */,
			);
			path = Weapons;
			sourceTree = "<group>";
		};
/* End PBXGroup section */

/* Begin PBXNativeTarget section */
		7A33F66521864FEF00CDFA96 /* RelicRunners */ = {
			isa = PBXNativeTarget;
			buildConfigurationList = 7A33F67E21864FF100CDFA96 /* Build configuration list for PBXNativeTarget "RelicRunners" */;
			buildPhases = (
				7A33F66221864FEF00CDFA96 /* Sources */,
				7A33F66321864FEF00CDFA96 /* Frameworks */,
				7A33F66421864FEF00CDFA96 /* Resources */,
			);
			buildRules = (
			);
			dependencies = (
			);
			name = RelicRunners;
			productName = RelicRunners;
			productReference = 7A33F66621864FEF00CDFA96 /* RelicRunners.app */;
			productType = "com.apple.product-type.application";
		};
/* End PBXNativeTarget section */

/* Begin PBXProject section */
		7A33F65E21864FEF00CDFA96 /* Project object */ = {
			isa = PBXProject;
			attributes = {
				LastSwiftUpdateCheck = 1000;
				LastUpgradeCheck = 1000;
				ORGANIZATIONNAME = "Mario Adisurya";
				TargetAttributes = {
					7A33F66521864FEF00CDFA96 = {
						CreatedOnToolsVersion = 10.0;
					};
				};
			};
			buildConfigurationList = 7A33F66121864FEF00CDFA96 /* Build configuration list for PBXProject "RelicRunners" */;
			compatibilityVersion = "Xcode 9.3";
			developmentRegion = en;
			hasScannedForEncodings = 0;
			knownRegions = (
				en,
				Base,
			);
			mainGroup = 7A33F65D21864FEF00CDFA96;
			productRefGroup = 7A33F66721864FEF00CDFA96 /* Products */;
			projectDirPath = "";
			projectRoot = "";
			targets = (
				7A33F66521864FEF00CDFA96 /* RelicRunners */,
			);
		};
/* End PBXProject section */

/* Begin PBXResourcesBuildPhase section */
		7A33F66421864FEF00CDFA96 /* Resources */ = {
			isa = PBXResourcesBuildPhase;
			buildActionMask = 2147483647;
			files = (
				F4DE7DB821A971FC00F0761B /* slkscr.ttf in Resources */,
				7A33F67521864FEF00CDFA96 /* Main.storyboard in Resources */,
				7A33F66C21864FEF00CDFA96 /* GameScene.sks in Resources */,
				7A33F67A21864FF100CDFA96 /* LaunchScreen.storyboard in Resources */,
				7A33F68821865D8500CDFA96 /* MainMenuScene.sks in Resources */,
				F4544073218FAED2005719E4 /* Assets.xcassets in Resources */,
				F4DE7DB921A971FF00F0761B /* slkscrb.ttf in Resources */,
				F4ABA290218F8EE30085E43C /* LoseScene.sks in Resources */,
				7A33F66E21864FEF00CDFA96 /* Actions.sks in Resources */,
			);
			runOnlyForDeploymentPostprocessing = 0;
		};
/* End PBXResourcesBuildPhase section */

/* Begin PBXSourcesBuildPhase section */
		7A33F66221864FEF00CDFA96 /* Sources */ = {
			isa = PBXSourcesBuildPhase;
			buildActionMask = 2147483647;
			files = (
				F4E608D921A52F7B00A5E7D5 /* MenuUI.swift in Sources */,
				F4339ABE218D21830016970A /* Character.swift in Sources */,
				F4339AC1218DA2DF0016970A /* CharacterTypes.swift in Sources */,
				F4339ABA218D15E00016970A /* RREventListener.swift in Sources */,
				F4339AB8218D14D00016970A /* RREvent.swift in Sources */,
				F4339AB5218D14200016970A /* RREventManager.swift in Sources */,
				F46109C121A253A0004CFB18 /* RRScoreManager.swift in Sources */,
				F471919921B1E05F00B09143 /* PowerUp.swift in Sources */,
				F471919B21B1E0C500B09143 /* MultiStrike.swift in Sources */,
				F4339ABC218D16090016970A /* RRGameManager.swift in Sources */,
				F47191A221B1EA6F00B09143 /* Player.swift in Sources */,
				F4339AB3218D13880016970A /* RRInputManager.swift in Sources */,
				7A33F68621865D5700CDFA96 /* MainMenuScene.swift in Sources */,
				7A33F68C21865ED900CDFA96 /* BGSprite.swift in Sources */,
				7A33F67021864FEF00CDFA96 /* GameScene.swift in Sources */,
				F4C12FA6218F0A430024BC7D /* Spawner.swift in Sources */,
				F47191A021B1E59B00B09143 /* PowerUpTypes.swift in Sources */,
				7A33F67221864FEF00CDFA96 /* GameViewController.swift in Sources */,
				F471919E21B1E1DC00B09143 /* Weapon.swift in Sources */,
				7A33F68A21865DD700CDFA96 /* InfiniteScroller.swift in Sources */,
				F4C12FAC218F38470024BC7D /* Obstacle.swift in Sources */,
				7A33F6822186509B00CDFA96 /* Camera.swift in Sources */,
				7A33F66A21864FEF00CDFA96 /* AppDelegate.swift in Sources */,
				F4C12FA8218F141F0024BC7D /* RRGarbageCollector.swift in Sources */,
				F4531B3B21AB941B0003FFBF /* Boss.swift in Sources */,
				F4ABA28E218F8EC80085E43C /* LoseScene.swift in Sources */,
				F4C12FAA218F25570024BC7D /* CategoryBitMask.swift in Sources */,
				F4ABA28C218F7A550085E43C /* BaseScene.swift in Sources */,
			);
			runOnlyForDeploymentPostprocessing = 0;
		};
/* End PBXSourcesBuildPhase section */

/* Begin PBXVariantGroup section */
		7A33F67321864FEF00CDFA96 /* Main.storyboard */ = {
			isa = PBXVariantGroup;
			children = (
				7A33F67421864FEF00CDFA96 /* Base */,
			);
			name = Main.storyboard;
			sourceTree = "<group>";
		};
		7A33F67821864FF100CDFA96 /* LaunchScreen.storyboard */ = {
			isa = PBXVariantGroup;
			children = (
				7A33F67921864FF100CDFA96 /* Base */,
			);
			name = LaunchScreen.storyboard;
			sourceTree = "<group>";
		};
/* End PBXVariantGroup section */

/* Begin XCBuildConfiguration section */
		7A33F67C21864FF100CDFA96 /* Debug */ = {
			isa = XCBuildConfiguration;
			buildSettings = {
				ALWAYS_SEARCH_USER_PATHS = NO;
				CLANG_ANALYZER_NONNULL = YES;
				CLANG_ANALYZER_NUMBER_OBJECT_CONVERSION = YES_AGGRESSIVE;
				CLANG_CXX_LANGUAGE_STANDARD = "gnu++14";
				CLANG_CXX_LIBRARY = "libc++";
				CLANG_ENABLE_MODULES = YES;
				CLANG_ENABLE_OBJC_ARC = YES;
				CLANG_ENABLE_OBJC_WEAK = YES;
				CLANG_WARN_BLOCK_CAPTURE_AUTORELEASING = YES;
				CLANG_WARN_BOOL_CONVERSION = YES;
				CLANG_WARN_COMMA = YES;
				CLANG_WARN_CONSTANT_CONVERSION = YES;
				CLANG_WARN_DEPRECATED_OBJC_IMPLEMENTATIONS = YES;
				CLANG_WARN_DIRECT_OBJC_ISA_USAGE = YES_ERROR;
				CLANG_WARN_DOCUMENTATION_COMMENTS = YES;
				CLANG_WARN_EMPTY_BODY = YES;
				CLANG_WARN_ENUM_CONVERSION = YES;
				CLANG_WARN_INFINITE_RECURSION = YES;
				CLANG_WARN_INT_CONVERSION = YES;
				CLANG_WARN_NON_LITERAL_NULL_CONVERSION = YES;
				CLANG_WARN_OBJC_IMPLICIT_RETAIN_SELF = YES;
				CLANG_WARN_OBJC_LITERAL_CONVERSION = YES;
				CLANG_WARN_OBJC_ROOT_CLASS = YES_ERROR;
				CLANG_WARN_RANGE_LOOP_ANALYSIS = YES;
				CLANG_WARN_STRICT_PROTOTYPES = YES;
				CLANG_WARN_SUSPICIOUS_MOVE = YES;
				CLANG_WARN_UNGUARDED_AVAILABILITY = YES_AGGRESSIVE;
				CLANG_WARN_UNREACHABLE_CODE = YES;
				CLANG_WARN__DUPLICATE_METHOD_MATCH = YES;
				CODE_SIGN_IDENTITY = "iPhone Developer";
				COPY_PHASE_STRIP = NO;
				DEBUG_INFORMATION_FORMAT = dwarf;
				ENABLE_STRICT_OBJC_MSGSEND = YES;
				ENABLE_TESTABILITY = YES;
				GCC_C_LANGUAGE_STANDARD = gnu11;
				GCC_DYNAMIC_NO_PIC = NO;
				GCC_NO_COMMON_BLOCKS = YES;
				GCC_OPTIMIZATION_LEVEL = 0;
				GCC_PREPROCESSOR_DEFINITIONS = (
					"DEBUG=1",
					"$(inherited)",
				);
				GCC_WARN_64_TO_32_BIT_CONVERSION = YES;
				GCC_WARN_ABOUT_RETURN_TYPE = YES_ERROR;
				GCC_WARN_UNDECLARED_SELECTOR = YES;
				GCC_WARN_UNINITIALIZED_AUTOS = YES_AGGRESSIVE;
				GCC_WARN_UNUSED_FUNCTION = YES;
				GCC_WARN_UNUSED_VARIABLE = YES;
				IPHONEOS_DEPLOYMENT_TARGET = 12.0;
				MTL_ENABLE_DEBUG_INFO = INCLUDE_SOURCE;
				MTL_FAST_MATH = YES;
				ONLY_ACTIVE_ARCH = YES;
				SDKROOT = iphoneos;
				SWIFT_ACTIVE_COMPILATION_CONDITIONS = DEBUG;
				SWIFT_OPTIMIZATION_LEVEL = "-Onone";
			};
			name = Debug;
		};
		7A33F67D21864FF100CDFA96 /* Release */ = {
			isa = XCBuildConfiguration;
			buildSettings = {
				ALWAYS_SEARCH_USER_PATHS = NO;
				CLANG_ANALYZER_NONNULL = YES;
				CLANG_ANALYZER_NUMBER_OBJECT_CONVERSION = YES_AGGRESSIVE;
				CLANG_CXX_LANGUAGE_STANDARD = "gnu++14";
				CLANG_CXX_LIBRARY = "libc++";
				CLANG_ENABLE_MODULES = YES;
				CLANG_ENABLE_OBJC_ARC = YES;
				CLANG_ENABLE_OBJC_WEAK = YES;
				CLANG_WARN_BLOCK_CAPTURE_AUTORELEASING = YES;
				CLANG_WARN_BOOL_CONVERSION = YES;
				CLANG_WARN_COMMA = YES;
				CLANG_WARN_CONSTANT_CONVERSION = YES;
				CLANG_WARN_DEPRECATED_OBJC_IMPLEMENTATIONS = YES;
				CLANG_WARN_DIRECT_OBJC_ISA_USAGE = YES_ERROR;
				CLANG_WARN_DOCUMENTATION_COMMENTS = YES;
				CLANG_WARN_EMPTY_BODY = YES;
				CLANG_WARN_ENUM_CONVERSION = YES;
				CLANG_WARN_INFINITE_RECURSION = YES;
				CLANG_WARN_INT_CONVERSION = YES;
				CLANG_WARN_NON_LITERAL_NULL_CONVERSION = YES;
				CLANG_WARN_OBJC_IMPLICIT_RETAIN_SELF = YES;
				CLANG_WARN_OBJC_LITERAL_CONVERSION = YES;
				CLANG_WARN_OBJC_ROOT_CLASS = YES_ERROR;
				CLANG_WARN_RANGE_LOOP_ANALYSIS = YES;
				CLANG_WARN_STRICT_PROTOTYPES = YES;
				CLANG_WARN_SUSPICIOUS_MOVE = YES;
				CLANG_WARN_UNGUARDED_AVAILABILITY = YES_AGGRESSIVE;
				CLANG_WARN_UNREACHABLE_CODE = YES;
				CLANG_WARN__DUPLICATE_METHOD_MATCH = YES;
				CODE_SIGN_IDENTITY = "iPhone Developer";
				COPY_PHASE_STRIP = NO;
				DEBUG_INFORMATION_FORMAT = "dwarf-with-dsym";
				ENABLE_NS_ASSERTIONS = NO;
				ENABLE_STRICT_OBJC_MSGSEND = YES;
				GCC_C_LANGUAGE_STANDARD = gnu11;
				GCC_NO_COMMON_BLOCKS = YES;
				GCC_WARN_64_TO_32_BIT_CONVERSION = YES;
				GCC_WARN_ABOUT_RETURN_TYPE = YES_ERROR;
				GCC_WARN_UNDECLARED_SELECTOR = YES;
				GCC_WARN_UNINITIALIZED_AUTOS = YES_AGGRESSIVE;
				GCC_WARN_UNUSED_FUNCTION = YES;
				GCC_WARN_UNUSED_VARIABLE = YES;
				IPHONEOS_DEPLOYMENT_TARGET = 12.0;
				MTL_ENABLE_DEBUG_INFO = NO;
				MTL_FAST_MATH = YES;
				SDKROOT = iphoneos;
				SWIFT_COMPILATION_MODE = wholemodule;
				SWIFT_OPTIMIZATION_LEVEL = "-O";
				VALIDATE_PRODUCT = YES;
			};
			name = Release;
		};
		7A33F67F21864FF100CDFA96 /* Debug */ = {
			isa = XCBuildConfiguration;
			buildSettings = {
				ASSETCATALOG_COMPILER_APPICON_NAME = AppIcon;
				CODE_SIGN_STYLE = Automatic;
				DEVELOPMENT_TEAM = GYR6KBRSZ8;
				INFOPLIST_FILE = RelicRunners/Info.plist;
				LD_RUNPATH_SEARCH_PATHS = (
					"$(inherited)",
					"@executable_path/Frameworks",
				);
				PRODUCT_BUNDLE_IDENTIFIER = MDS.RelicRunners;
				PRODUCT_NAME = "$(TARGET_NAME)";
				SWIFT_VERSION = 4.2;
				TARGETED_DEVICE_FAMILY = "1,2";
			};
			name = Debug;
		};
		7A33F68021864FF100CDFA96 /* Release */ = {
			isa = XCBuildConfiguration;
			buildSettings = {
				ASSETCATALOG_COMPILER_APPICON_NAME = AppIcon;
				CODE_SIGN_STYLE = Automatic;
				DEVELOPMENT_TEAM = GYR6KBRSZ8;
				INFOPLIST_FILE = RelicRunners/Info.plist;
				LD_RUNPATH_SEARCH_PATHS = (
					"$(inherited)",
					"@executable_path/Frameworks",
				);
				PRODUCT_BUNDLE_IDENTIFIER = MDS.RelicRunners;
				PRODUCT_NAME = "$(TARGET_NAME)";
				SWIFT_VERSION = 4.2;
				TARGETED_DEVICE_FAMILY = "1,2";
			};
			name = Release;
		};
/* End XCBuildConfiguration section */

/* Begin XCConfigurationList section */
		7A33F66121864FEF00CDFA96 /* Build configuration list for PBXProject "RelicRunners" */ = {
			isa = XCConfigurationList;
			buildConfigurations = (
				7A33F67C21864FF100CDFA96 /* Debug */,
				7A33F67D21864FF100CDFA96 /* Release */,
			);
			defaultConfigurationIsVisible = 0;
			defaultConfigurationName = Release;
		};
		7A33F67E21864FF100CDFA96 /* Build configuration list for PBXNativeTarget "RelicRunners" */ = {
			isa = XCConfigurationList;
			buildConfigurations = (
				7A33F67F21864FF100CDFA96 /* Debug */,
				7A33F68021864FF100CDFA96 /* Release */,
			);
			defaultConfigurationIsVisible = 0;
			defaultConfigurationName = Release;
		};
/* End XCConfigurationList section */
	};
	rootObject = 7A33F65E21864FEF00CDFA96 /* Project object */;
}
